
Microsoft Visual Studio Solution File, Format Version 12.00
# Visual Studio 2012
Project("{FAE04EC0-301F-11D3-BF4B-00C04F79EFBC}") = "WebScraping", "WebScraping\WebScraping.csproj", "{EEF73BBA-6A3D-4DBA-922F-7935F905B36D}"
EndProject
Global
	GlobalSection(SolutionConfigurationPlatforms) = preSolution
		Debug|Any CPU = Debug|Any CPU
		Release|Any CPU = Release|Any CPU
	EndGlobalSection
	GlobalSection(ProjectConfigurationPlatforms) = postSolution
		{EEF73BBA-6A3D-4DBA-922F-7935F905B36D}.Debug|Any CPU.ActiveCfg = Debug|Any CPU
		{EEF73BBA-6A3D-4DBA-922F-7935F905B36D}.Debug|Any CPU.Build.0 = Debug|Any CPU
		{EEF73BBA-6A3D-4DBA-922F-7935F905B36D}.Release|Any CPU.ActiveCfg = Release|Any CPU
		{EEF73BBA-6A3D-4DBA-922F-7935F905B36D}.Release|Any CPU.Build.0 = Release|Any CPU
	EndGlobalSection
	GlobalSection(SolutionProperties) = preSolution
		HideSolutionNode = FALSE
	EndGlobalSection
EndGlobal
